
Microsoft Visual Studio Solution File, Format Version 12.00
# Visual Studio Version 17
VisualStudioVersion = 17.14.37411.7 d17.14
MinimumVisualStudioVersion = 10.0.40219.1
Project("{FAE04EC0-301F-11D3-BF4B-00C04F79EFBC}") = "ResQConnect.API", "ResQConnect.API.csproj", "{933AFB19-9A78-847F-A4B2-962D68641306}"
EndProject
Global
	GlobalSection(SolutionConfigurationPlatforms) = preSolution
		Debug|Any CPU = Debug|Any CPU
		Release|Any CPU = Release|Any CPU
	EndGlobalSection
	GlobalSection(ProjectConfigurationPlatforms) = postSolution
		{933AFB19-9A78-847F-A4B2-962D68641306}.Debug|Any CPU.ActiveCfg = Debug|Any CPU
		{933AFB19-9A78-847F-A4B2-962D68641306}.Debug|Any CPU.Build.0 = Debug|Any CPU
		{933AFB19-9A78-847F-A4B2-962D68641306}.Release|Any CPU.ActiveCfg = Release|Any CPU
		{933AFB19-9A78-847F-A4B2-962D68641306}.Release|Any CPU.Build.0 = Release|Any CPU
	EndGlobalSection
	GlobalSection(SolutionProperties) = preSolution
		HideSolutionNode = FALSE
	EndGlobalSection
	GlobalSection(ExtensibilityGlobals) = postSolution
		SolutionGuid = {E7B3F9B1-E67F-4BF5-BFA1-FE699CECC9A3}
	EndGlobalSection
EndGlobal
